// !$*UTF8*$!
{
	archiveVersion = 1;
	classes = {
	};
	objectVersion = 50;
	objects = {

/* Begin PBXBuildFile section */
		91319AF824FF399B00A6D06F /* AppDelegate.swift in Sources */ = {isa = PBXBuildFile; fileRef = 91319AF724FF399B00A6D06F /* AppDelegate.swift */; };
		91319AFA24FF399B00A6D06F /* SceneDelegate.swift in Sources */ = {isa = PBXBuildFile; fileRef = 91319AF924FF399B00A6D06F /* SceneDelegate.swift */; };
		91319AFC24FF399B00A6D06F /* ViewController.swift in Sources */ = {isa = PBXBuildFile; fileRef = 91319AFB24FF399B00A6D06F /* ViewController.swift */; };
		91319AFF24FF399B00A6D06F /* Main.storyboard in Resources */ = {isa = PBXBuildFile; fileRef = 91319AFD24FF399B00A6D06F /* Main.storyboard */; };
		91319B0124FF399B00A6D06F /* Assets.xcassets in Resources */ = {isa = PBXBuildFile; fileRef = 91319B0024FF399B00A6D06F /* Assets.xcassets */; };
		91319B0424FF399B00A6D06F /* LaunchScreen.storyboard in Resources */ = {isa = PBXBuildFile; fileRef = 91319B0224FF399B00A6D06F /* LaunchScreen.storyboard */; };
/* End PBXBuildFile section */

/* Begin PBXFileReference section */
		91319AF424FF399B00A6D06F /* sm3.app */ = {isa = PBXFileReference; explicitFileType = wrapper.application; includeInIndex = 0; path = sm3.app; sourceTree = BUILT_PRODUCTS_DIR; };
		91319AF724FF399B00A6D06F /* AppDelegate.swift */ = {isa = PBXFileReference; lastKnownFileType = sourcecode.swift; path = AppDelegate.swift; sourceTree = "<group>"; };
		91319AF924FF399B00A6D06F /* SceneDelegate.swift */ = {isa = PBXFileReference; lastKnownFileType = sourcecode.swift; path = SceneDelegate.swift; sourceTree = "<group>"; };
		91319AFB24FF399B00A6D06F /* ViewController.swift */ = {isa = PBXFileReference; lastKnownFileType = sourcecode.swift; path = ViewController.swift; sourceTree = "<group>"; };
		91319AFE24FF399B00A6D06F /* Base */ = {isa = PBXFileReference; lastKnownFileType = file.storyboard; name = Base; path = Base.lproj/Main.storyboard; sourceTree = "<group>"; };
		91319B0024FF399B00A6D06F /* Assets.xcassets */ = {isa = PBXFileReference; lastKnownFileType = folder.assetcatalog; path = Assets.xcassets; sourceTree = "<group>"; };
		91319B0324FF399B00A6D06F /* Base */ = {isa = PBXFileReference; lastKnownFileType = file.storyboard; name = Base; path = Base.lproj/LaunchScreen.storyboard; sourceTree = "<group>"; };
		91319B0524FF399B00A6D06F /* Info.plist */ = {isa = PBXFileReference; lastKnownFileType = text.plist.xml; path = Info.plist; sourceTree = "<group>"; };
/* End PBXFileReference section */

/* Begin PBXFrameworksBuildPhase section */
		91319AF124FF399B00A6D06F /* Frameworks */ = {
			isa = PBXFrameworksBuildPhase;
			buildActionMask = 2147483647;
			files = (
			);
			runOnlyForDeploymentPostprocessing = 0;
		};
/* End PBXFrameworksBuildPhase section */

/* Begin PBXGroup section */
		91319AEB24FF399B00A6D06F = {
			isa = PBXGroup;
			children = (
				91319AF624FF399B00A6D06F /* sm3 */,
				91319AF524FF399B00A6D06F /* Products */,
			);
			sourceTree = "<group>";
		};
		91319AF524FF399B00A6D06F /* Products */ = {
			isa = PBXGroup;
			children = (
				91319AF424FF399B00A6D06F /* sm3.app */,
			);
			name = Products;
			sourceTree = "<group>";
		};
		91319AF624FF399B00A6D06F /* sm3 */ = {
			isa = PBXGroup;
			children = (
				91319AF724FF399B00A6D06F /* AppDelegate.swift */,
				91319AF924FF399B00A6D06F /* SceneDelegate.swift */,
				91319AFB24FF399B00A6D06F /* ViewController.swift */,
				91319AFD24FF399B00A6D06F /* Main.storyboard */,
				91319B0024FF399B00A6D06F /* Assets.xcassets */,
				91319B0224FF399B00A6D06F /* LaunchScreen.storyboard */,
				91319B0524FF399B00A6D06F /* Info.plist */,
			);
			path = sm3;
			sourceTree = "<group>";
		};
/* End PBXGroup section */

/* Begin PBXNativeTarget section */
		91319AF324FF399B00A6D06F /* sm3 */ = {
			isa = PBXNativeTarget;
			buildConfigurationList = 91319B0824FF399B00A6D06F /* Build configuration list for PBXNativeTarget "sm3" */;
			buildPhases = (
				91319AF024FF399B00A6D06F /* Sources */,
				91319AF124FF399B00A6D06F /* Frameworks */,
				91319AF224FF399B00A6D06F /* Resources */,
			);
			buildRules = (
			);
			dependencies = (
			);
			name = sm3;
			productName = sm3;
			productReference = 91319AF424FF399B00A6D06F /* sm3.app */;
			productType = "com.apple.product-type.application";
		};
/* End PBXNativeTarget section */

/* Begin PBXProject section */
		91319AEC24FF399B00A6D06F /* Project object */ = {
			isa = PBXProject;
			attributes = {
				LastSwiftUpdateCheck = 1160;
				LastUpgradeCheck = 1160;
				ORGANIZATIONNAME = "Trần Hiệp";
				TargetAttributes = {
					91319AF324FF399B00A6D06F = {
						CreatedOnToolsVersion = 11.6;
					};
				};
			};
			buildConfigurationList = 91319AEF24FF399B00A6D06F /* Build configuration list for PBXProject "sm3" */;
			compatibilityVersion = "Xcode 9.3";
			developmentRegion = en;
			hasScannedForEncodings = 0;
			knownRegions = (
				en,
				Base,
			);
			mainGroup = 91319AEB24FF399B00A6D06F;
			productRefGroup = 91319AF524FF399B00A6D06F /* Products */;
			projectDirPath = "";
			projectRoot = "";
			targets = (
				91319AF324FF399B00A6D06F /* sm3 */,
			);
		};
/* End PBXProject section */

/* Begin PBXResourcesBuildPhase section */
		91319AF224FF399B00A6D06F /* Resources */ = {
			isa = PBXResourcesBuildPhase;
			buildActionMask = 2147483647;
			files = (
				91319B0424FF399B00A6D06F /* LaunchScreen.storyboard in Resources */,
				91319B0124FF399B00A6D06F /* Assets.xcassets in Resources */,
				91319AFF24FF399B00A6D06F /* Main.storyboard in Resources */,
			);
			runOnlyForDeploymentPostprocessing = 0;
		};
/* End PBXResourcesBuildPhase section */

/* Begin PBXSourcesBuildPhase section */
		91319AF024FF399B00A6D06F /* Sources */ = {
			isa = PBXSourcesBuildPhase;
			buildActionMask = 2147483647;
			files = (
				91319AFC24FF399B00A6D06F /* ViewController.swift in Sources */,
				91319AF824FF399B00A6D06F /* AppDelegate.swift in Sources */,
				91319AFA24FF399B00A6D06F /* SceneDelegate.swift in Sources */,
			);
			runOnlyForDeploymentPostprocessing = 0;
		};
/* End PBXSourcesBuildPhase section */

/* Begin PBXVariantGroup section */
		91319AFD24FF399B00A6D06F /* Main.storyboard */ = {
			isa = PBXVariantGroup;
			children = (
				91319AFE24FF399B00A6D06F /* Base */,
			);
			name = Main.storyboard;
			sourceTree = "<group>";
		};
		91319B0224FF399B00A6D06F /* LaunchScreen.storyboard */ = {
			isa = PBXVariantGroup;
			children = (
				91319B0324FF399B00A6D06F /* Base */,
			);
			name = LaunchScreen.storyboard;
			sourceTree = "<group>";
		};
/* End PBXVariantGroup section */

/* Begin XCBuildConfiguration section */
		91319B0624FF399B00A6D06F /* Debug */ = {
			isa = XCBuildConfiguration;
			buildSettings = {
				ALWAYS_SEARCH_USER_PATHS = NO;
				CLANG_ANALYZER_NONNULL = YES;
				CLANG_ANALYZER_NUMBER_OBJECT_CONVERSION = YES_AGGRESSIVE;
				CLANG_CXX_LANGUAGE_STANDARD = "gnu++14";
				CLANG_CXX_LIBRARY = "libc++";
				CLANG_ENABLE_MODULES = YES;
				CLANG_ENABLE_OBJC_ARC = YES;
				CLANG_ENABLE_OBJC_WEAK = YES;
				CLANG_WARN_BLOCK_CAPTURE_AUTORELEASING = YES;
				CLANG_WARN_BOOL_CONVERSION = YES;
				CLANG_WARN_COMMA = YES;
				CLANG_WARN_CONSTANT_CONVERSION = YES;
				CLANG_WARN_DEPRECATED_OBJC_IMPLEMENTATIONS = YES;
				CLANG_WARN_DIRECT_OBJC_ISA_USAGE = YES_ERROR;
				CLANG_WARN_DOCUMENTATION_COMMENTS = YES;
				CLANG_WARN_EMPTY_BODY = YES;
				CLANG_WARN_ENUM_CONVERSION = YES;
				CLANG_WARN_INFINITE_RECURSION = YES;
				CLANG_WARN_INT_CONVERSION = YES;
				CLANG_WARN_NON_LITERAL_NULL_CONVERSION = YES;
				CLANG_WARN_OBJC_IMPLICIT_RETAIN_SELF = YES;
				CLANG_WARN_OBJC_LITERAL_CONVERSION = YES;
				CLANG_WARN_OBJC_ROOT_CLASS = YES_ERROR;
				CLANG_WARN_RANGE_LOOP_ANALYSIS = YES;
				CLANG_WARN_STRICT_PROTOTYPES = YES;
				CLANG_WARN_SUSPICIOUS_MOVE = YES;
				CLANG_WARN_UNGUARDED_AVAILABILITY = YES_AGGRESSIVE;
				CLANG_WARN_UNREACHABLE_CODE = YES;
				CLANG_WARN__DUPLICATE_METHOD_MATCH = YES;
				COPY_PHASE_STRIP = NO;
				DEBUG_INFORMATION_FORMAT = dwarf;
				ENABLE_STRICT_OBJC_MSGSEND = YES;
				ENABLE_TESTABILITY = YES;
				GCC_C_LANGUAGE_STANDARD = gnu11;
				GCC_DYNAMIC_NO_PIC = NO;
				GCC_NO_COMMON_BLOCKS = YES;
				GCC_OPTIMIZATION_LEVEL = 0;
				GCC_PREPROCESSOR_DEFINITIONS = (
					"DEBUG=1",
					"$(inherited)",
				);
				GCC_WARN_64_TO_32_BIT_CONVERSION = YES;
				GCC_WARN_ABOUT_RETURN_TYPE = YES_ERROR;
				GCC_WARN_UNDECLARED_SELECTOR = YES;
				GCC_WARN_UNINITIALIZED_AUTOS = YES_AGGRESSIVE;
				GCC_WARN_UNUSED_FUNCTION = YES;
				GCC_WARN_UNUSED_VARIABLE = YES;
				IPHONEOS_DEPLOYMENT_TARGET = 13.6;
				MTL_ENABLE_DEBUG_INFO = INCLUDE_SOURCE;
				MTL_FAST_MATH = YES;
				ONLY_ACTIVE_ARCH = YES;
				SDKROOT = iphoneos;
				SWIFT_ACTIVE_COMPILATION_CONDITIONS = DEBUG;
				SWIFT_OPTIMIZATION_LEVEL = "-Onone";
			};
			name = Debug;
		};
		91319B0724FF399B00A6D06F /* Release */ = {
			isa = XCBuildConfiguration;
			buildSettings = {
				ALWAYS_SEARCH_USER_PATHS = NO;
				CLANG_ANALYZER_NONNULL = YES;
				CLANG_ANALYZER_NUMBER_OBJECT_CONVERSION = YES_AGGRESSIVE;
				CLANG_CXX_LANGUAGE_STANDARD = "gnu++14";
				CLANG_CXX_LIBRARY = "libc++";
				CLANG_ENABLE_MODULES = YES;
				CLANG_ENABLE_OBJC_ARC = YES;
				CLANG_ENABLE_OBJC_WEAK = YES;
				CLANG_WARN_BLOCK_CAPTURE_AUTORELEASING = YES;
				CLANG_WARN_BOOL_CONVERSION = YES;
				CLANG_WARN_COMMA = YES;
				CLANG_WARN_CONSTANT_CONVERSION = YES;
				CLANG_WARN_DEPRECATED_OBJC_IMPLEMENTATIONS = YES;
				CLANG_WARN_DIRECT_OBJC_ISA_USAGE = YES_ERROR;
				CLANG_WARN_DOCUMENTATION_COMMENTS = YES;
				CLANG_WARN_EMPTY_BODY = YES;
				CLANG_WARN_ENUM_CONVERSION = YES;
				CLANG_WARN_INFINITE_RECURSION = YES;
				CLANG_WARN_INT_CONVERSION = YES;
				CLANG_WARN_NON_LITERAL_NULL_CONVERSION = YES;
				CLANG_WARN_OBJC_IMPLICIT_RETAIN_SELF = YES;
				CLANG_WARN_OBJC_LITERAL_CONVERSION = YES;
				CLANG_WARN_OBJC_ROOT_CLASS = YES_ERROR;
				CLANG_WARN_RANGE_LOOP_ANALYSIS = YES;
				CLANG_WARN_STRICT_PROTOTYPES = YES;
				CLANG_WARN_SUSPICIOUS_MOVE = YES;
				CLANG_WARN_UNGUARDED_AVAILABILITY = YES_AGGRESSIVE;
				CLANG_WARN_UNREACHABLE_CODE = YES;
				CLANG_WARN__DUPLICATE_METHOD_MATCH = YES;
				COPY_PHASE_STRIP = NO;
				DEBUG_INFORMATION_FORMAT = "dwarf-with-dsym";
				ENABLE_NS_ASSERTIONS = NO;
				ENABLE_STRICT_OBJC_MSGSEND = YES;
				GCC_C_LANGUAGE_STANDARD = gnu11;
				GCC_NO_COMMON_BLOCKS = YES;
				GCC_WARN_64_TO_32_BIT_CONVERSION = YES;
				GCC_WARN_ABOUT_RETURN_TYPE = YES_ERROR;
				GCC_WARN_UNDECLARED_SELECTOR = YES;
				GCC_WARN_UNINITIALIZED_AUTOS = YES_AGGRESSIVE;
				GCC_WARN_UNUSED_FUNCTION = YES;
				GCC_WARN_UNUSED_VARIABLE = YES;
				IPHONEOS_DEPLOYMENT_TARGET = 13.6;
				MTL_ENABLE_DEBUG_INFO = NO;
				MTL_FAST_MATH = YES;
				SDKROOT = iphoneos;
				SWIFT_COMPILATION_MODE = wholemodule;
				SWIFT_OPTIMIZATION_LEVEL = "-O";
				VALIDATE_PRODUCT = YES;
			};
			name = Release;
		};
		91319B0924FF399B00A6D06F /* Debug */ = {
			isa = XCBuildConfiguration;
			buildSettings = {
				ASSETCATALOG_COMPILER_APPICON_NAME = AppIcon;
				CODE_SIGN_STYLE = Automatic;
				DEVELOPMENT_TEAM = YG8X3KPMR6;
				INFOPLIST_FILE = sm3/Info.plist;
				LD_RUNPATH_SEARCH_PATHS = (
					"$(inherited)",
					"@executable_path/Frameworks",
				);
				PRODUCT_BUNDLE_IDENTIFIER = hiep.tran.dev.sm3;
				PRODUCT_NAME = "$(TARGET_NAME)";
				SWIFT_VERSION = 5.0;
				TARGETED_DEVICE_FAMILY = "1,2";
			};
			name = Debug;
		};
		91319B0A24FF399B00A6D06F /* Release */ = {
			isa = XCBuildConfiguration;
			buildSettings = {
				ASSETCATALOG_COMPILER_APPICON_NAME = AppIcon;
				CODE_SIGN_STYLE = Automatic;
				DEVELOPMENT_TEAM = YG8X3KPMR6;
				INFOPLIST_FILE = sm3/Info.plist;
				LD_RUNPATH_SEARCH_PATHS = (
					"$(inherited)",
					"@executable_path/Frameworks",
				);
				PRODUCT_BUNDLE_IDENTIFIER = hiep.tran.dev.sm3;
				PRODUCT_NAME = "$(TARGET_NAME)";
				SWIFT_VERSION = 5.0;
				TARGETED_DEVICE_FAMILY = "1,2";
			};
			name = Release;
		};
/* End XCBuildConfiguration section */

/* Begin XCConfigurationList section */
		91319AEF24FF399B00A6D06F /* Build configuration list for PBXProject "sm3" */ = {
			isa = XCConfigurationList;
			buildConfigurations = (
				91319B0624FF399B00A6D06F /* Debug */,
				91319B0724FF399B00A6D06F /* Release */,
			);
			defaultConfigurationIsVisible = 0;
			defaultConfigurationName = Release;
		};
		91319B0824FF399B00A6D06F /* Build configuration list for PBXNativeTarget "sm3" */ = {
			isa = XCConfigurationList;
			buildConfigurations = (
				91319B0924FF399B00A6D06F /* Debug */,
				91319B0A24FF399B00A6D06F /* Release */,
			);
			defaultConfigurationIsVisible = 0;
			defaultConfigurationName = Release;
		};
/* End XCConfigurationList section */
	};
	rootObject = 91319AEC24FF399B00A6D06F /* Project object */;
}
